
Microsoft Visual Studio Solution File, Format Version 12.00
# Visual Studio Version 17
VisualStudioVersion = 17.13.35931.197
MinimumVisualStudioVersion = 10.0.40219.1
Project("{FAE04EC0-301F-11D3-BF4B-00C04F79EFBC}") = "TVA.Demo.App.Api", "TVA.Demo.App.Api\TVA.Demo.App.Api.csproj", "{08A3E63D-DADB-45F0-8662-6B6B4EBD2809}"
EndProject
Project("{FAE04EC0-301F-11D3-BF4B-00C04F79EFBC}") = "TVA.Demo.App.Application", "TVA.Demo.App.Application\TVA.Demo.App.Application.csproj", "{D673C29A-9BE9-4B21-9E7F-B99F75C3948D}"
EndProject
Project("{FAE04EC0-301F-11D3-BF4B-00C04F79EFBC}") = "TVA.Demo.App.Domain", "TVA.Demo.App.Domain\TVA.Demo.App.Domain.csproj", "{A21C97CB-6841-4F10-B184-D7670D0896B0}"
EndProject
Project("{FAE04EC0-301F-11D3-BF4B-00C04F79EFBC}") = "TVA.Demo.App.Infrastructure", "TVA.Demo.App.Infrastructure\TVA.Demo.App.Infrastructure.csproj", "{82DF3757-334A-4D2F-A84F-0257E2714AC0}"
EndProject
Project("{00D1A9C2-B5F0-4AF3-8072-F6C62B433612}") = "TVA.Demo.App.Database", "TVA.Demo.App.Database\TVA.Demo.App.Database.sqlproj", "{A42AE741-E372-479B-95B9-A12A12A02CBB}"
EndProject
Global
	GlobalSection(SolutionConfigurationPlatforms) = preSolution
		Debug|Any CPU = Debug|Any CPU
		Release|Any CPU = Release|Any CPU
	EndGlobalSection
	GlobalSection(ProjectConfigurationPlatforms) = postSolution
		{08A3E63D-DADB-45F0-8662-6B6B4EBD2809}.Debug|Any CPU.ActiveCfg = Debug|Any CPU
		{08A3E63D-DADB-45F0-8662-6B6B4EBD2809}.Debug|Any CPU.Build.0 = Debug|Any CPU
		{08A3E63D-DADB-45F0-8662-6B6B4EBD2809}.Release|Any CPU.ActiveCfg = Release|Any CPU
		{08A3E63D-DADB-45F0-8662-6B6B4EBD2809}.Release|Any CPU.Build.0 = Release|Any CPU
		{D673C29A-9BE9-4B21-9E7F-B99F75C3948D}.Debug|Any CPU.ActiveCfg = Debug|Any CPU
		{D673C29A-9BE9-4B21-9E7F-B99F75C3948D}.Debug|Any CPU.Build.0 = Debug|Any CPU
		{D673C29A-9BE9-4B21-9E7F-B99F75C3948D}.Release|Any CPU.ActiveCfg = Release|Any CPU
		{D673C29A-9BE9-4B21-9E7F-B99F75C3948D}.Release|Any CPU.Build.0 = Release|Any CPU
		{A21C97CB-6841-4F10-B184-D7670D0896B0}.Debug|Any CPU.ActiveCfg = Debug|Any CPU
		{A21C97CB-6841-4F10-B184-D7670D0896B0}.Debug|Any CPU.Build.0 = Debug|Any CPU
		{A21C97CB-6841-4F10-B184-D7670D0896B0}.Release|Any CPU.ActiveCfg = Release|Any CPU
		{A21C97CB-6841-4F10-B184-D7670D0896B0}.Release|Any CPU.Build.0 = Release|Any CPU
		{82DF3757-334A-4D2F-A84F-0257E2714AC0}.Debug|Any CPU.ActiveCfg = Debug|Any CPU
		{82DF3757-334A-4D2F-A84F-0257E2714AC0}.Debug|Any CPU.Build.0 = Debug|Any CPU
		{82DF3757-334A-4D2F-A84F-0257E2714AC0}.Release|Any CPU.ActiveCfg = Release|Any CPU
		{82DF3757-334A-4D2F-A84F-0257E2714AC0}.Release|Any CPU.Build.0 = Release|Any CPU
		{A42AE741-E372-479B-95B9-A12A12A02CBB}.Debug|Any CPU.ActiveCfg = Debug|Any CPU
		{A42AE741-E372-479B-95B9-A12A12A02CBB}.Debug|Any CPU.Build.0 = Debug|Any CPU
		{A42AE741-E372-479B-95B9-A12A12A02CBB}.Debug|Any CPU.Deploy.0 = Debug|Any CPU
		{A42AE741-E372-479B-95B9-A12A12A02CBB}.Release|Any CPU.ActiveCfg = Release|Any CPU
		{A42AE741-E372-479B-95B9-A12A12A02CBB}.Release|Any CPU.Build.0 = Release|Any CPU
		{A42AE741-E372-479B-95B9-A12A12A02CBB}.Release|Any CPU.Deploy.0 = Release|Any CPU
	EndGlobalSection
	GlobalSection(SolutionProperties) = preSolution
		HideSolutionNode = FALSE
	EndGlobalSection
	GlobalSection(ExtensibilityGlobals) = postSolution
		SolutionGuid = {93331315-79EB-43D2-9A59-35B1306D6475}
	EndGlobalSection
EndGlobal
